// !$*UTF8*$!
{
	archiveVersion = 1;
	classes = {
	};
	objectVersion = 46;
	objects = {

/* Begin PBXBuildFile section */
		1F0FA002EAE3190CEDA1AACB /* DateFactory.swift in Sources */ = {isa = PBXBuildFile; fileRef = 1F0FA5AA954A21D92E9BEA0D /* DateFactory.swift */; };
		1F0FA078ABD9E0429E7A1624 /* Moya+Argo.swift in Sources */ = {isa = PBXBuildFile; fileRef = 1F0FAB308BCB1C5178C26B30 /* Moya+Argo.swift */; };
		1F0FA110AF16AE79663EC211 /* PhotoMeta+Fakable.swift in Sources */ = {isa = PBXBuildFile; fileRef = 1F0FAE45D39C1F8FDC8B1749 /* PhotoMeta+Fakable.swift */; };
		1F0FA1478FF9009DC4054C7B /* GalleryViewController.swift in Sources */ = {isa = PBXBuildFile; fileRef = 1F0FAC96BF66AFD4BA199A52 /* GalleryViewController.swift */; };
		1F0FA15508322C7BDEB9370D /* GetFlickrPublicGalleryUseCase.swift in Sources */ = {isa = PBXBuildFile; fileRef = 1F0FA858552FC10624FFFC1F /* GetFlickrPublicGalleryUseCase.swift */; };
		1F0FA2C59AB31887934EBBE1 /* JSONPNormalizationPluginSpec.swift in Sources */ = {isa = PBXBuildFile; fileRef = 1F0FAEFF71DBEE1EEAA83FFA /* JSONPNormalizationPluginSpec.swift */; };
		1F0FA2E8DB5D93A55F5823EB /* ImageRetrieving+Placeholder.swift in Sources */ = {isa = PBXBuildFile; fileRef = 1F0FA0ECCAACFD12AA7771A4 /* ImageRetrieving+Placeholder.swift */; };
		1F0FA3D0F60C26814117F507 /* ControlProperty+BidirectionalBinding.swift in Sources */ = {isa = PBXBuildFile; fileRef = 1F0FA184CB5BBA3D729BA8E6 /* ControlProperty+BidirectionalBinding.swift */; };
		1F0FA4162F00E7E65BEDA528 /* GetFlickrPublicGalleryUseCaseSpec.swift in Sources */ = {isa = PBXBuildFile; fileRef = 1F0FA2636F70278AF2EC750C /* GetFlickrPublicGalleryUseCaseSpec.swift */; };
		1F0FA4FCF1681997160AB1E8 /* ActivityTracker.swift in Sources */ = {isa = PBXBuildFile; fileRef = 1F0FAF68D90977C7AC721046 /* ActivityTracker.swift */; };
		1F0FA555A421AFDB16922536 /* URLConvertible.swift in Sources */ = {isa = PBXBuildFile; fileRef = 1F0FA0E61C1CEE2A44B3EB40 /* URLConvertible.swift */; };
		1F0FA566B728B8A2500C22BA /* NibHaving.swift in Sources */ = {isa = PBXBuildFile; fileRef = 1F0FA4295D3475879182069C /* NibHaving.swift */; };
		1F0FA5B03CA00C870CCD427E /* FlickrImageTableViewCellSnapshotTests.swift in Sources */ = {isa = PBXBuildFile; fileRef = 1F0FAAD67D1C973A00A14BD3 /* FlickrImageTableViewCellSnapshotTests.swift */; };
		1F0FA6A14E004DFA50AB6332 /* FlickrImageTableViewCell.xib in Resources */ = {isa = PBXBuildFile; fileRef = 1F0FAEE8926F3743C76C0CED /* FlickrImageTableViewCell.xib */; };
		1F0FA6ECA75803270BC6F2FC /* DecodableAPIClientSpec.swift in Sources */ = {isa = PBXBuildFile; fileRef = 1F0FAD2ABAE066EE173F9F46 /* DecodableAPIClientSpec.swift */; };
		1F0FA7CDFC835FF667FF48C4 /* Fakable.swift in Sources */ = {isa = PBXBuildFile; fileRef = 1F0FAD6578C966D937C5DC39 /* Fakable.swift */; };
		1F0FA8E5E87F012295634B2C /* GalleryViewController.xib in Resources */ = {isa = PBXBuildFile; fileRef = 1F0FA060E48C3EC1D6D70259 /* GalleryViewController.xib */; };
		1F0FA8F08437F011EE74E4F4 /* FlickrCellViewModel.swift in Sources */ = {isa = PBXBuildFile; fileRef = 1F0FA2A060C6D2137263270E /* FlickrCellViewModel.swift */; };
		1F0FA918E658821F5F5FA8F2 /* PhotoMeta.swift in Sources */ = {isa = PBXBuildFile; fileRef = 1F0FA99302C01949BB59C266 /* PhotoMeta.swift */; };
		1F0FA93E4880510A87183DA3 /* ImageRetrieving.swift in Sources */ = {isa = PBXBuildFile; fileRef = 1F0FAF5A439437A0C8105D41 /* ImageRetrieving.swift */; };
		1F0FA956C0E8B735CC298CFE /* flickr_gallery_feed_sample.json in Resources */ = {isa = PBXBuildFile; fileRef = 1F0FA9AFAE5C8DDA4B920AFB /* flickr_gallery_feed_sample.json */; };
		1F0FA9BFCB31FFCE657FAC35 /* SnapshotTestCase.swift in Sources */ = {isa = PBXBuildFile; fileRef = 1F0FA1721EE4CDA9B7BC24DB /* SnapshotTestCase.swift */; };
		1F0FA9C6B5A103251453D657 /* RxCells.swift in Sources */ = {isa = PBXBuildFile; fileRef = 1F0FAF30C2E2A27BA3D4A034 /* RxCells.swift */; };
		1F0FA9E32BD2C0A8E9FFE9F4 /* GetPublicFeed.swift in Sources */ = {isa = PBXBuildFile; fileRef = 1F0FAFECFD8287473F147125 /* GetPublicFeed.swift */; };
		1F0FAAC0F24747757D19370C /* PhotoMeta+Matchable.swift in Sources */ = {isa = PBXBuildFile; fileRef = 1F0FABAD23481F9CDA5B9B2E /* PhotoMeta+Matchable.swift */; };
		1F0FAACFC7DC3FEE824FD1C6 /* FlickrImageTableViewCell.swift in Sources */ = {isa = PBXBuildFile; fileRef = 1F0FAF70D8FCEACFB54EFA93 /* FlickrImageTableViewCell.swift */; };
		1F0FABCEE72073F293D7F00D /* driverJustComplete.swift in Sources */ = {isa = PBXBuildFile; fileRef = 1F0FA2C94691B29386508607 /* driverJustComplete.swift */; };
		1F0FACC96ADBDDBD09E1FBC3 /* FlickrJSONPlugin.swift in Sources */ = {isa = PBXBuildFile; fileRef = 1F0FADCFA77908319AD9CC80 /* FlickrJSONPlugin.swift */; };
		1F0FAD72A44815E75B4F4D23 /* ReusableView.swift in Sources */ = {isa = PBXBuildFile; fileRef = 1F0FAD46ACDFECF4649972D8 /* ReusableView.swift */; };
		1F0FADFECE4507D6B8391CB2 /* Assembly.swift in Sources */ = {isa = PBXBuildFile; fileRef = 1F0FA3F2868725D6D2418FFE /* Assembly.swift */; };
		1F0FAE2056EB55D854B27255 /* BidirectionalBindTests.swift in Sources */ = {isa = PBXBuildFile; fileRef = 1F0FA72D17B3D5910FBABCFA /* BidirectionalBindTests.swift */; };
		1F0FAED7506F65C12631C478 /* GalleryViewModelSpec.swift in Sources */ = {isa = PBXBuildFile; fileRef = 1F0FA6B008F2D609466F0534 /* GalleryViewModelSpec.swift */; };
		1F0FAF4639F1851C54B69C43 /* NSDateFormatter+StaticInstances.swift in Sources */ = {isa = PBXBuildFile; fileRef = 1F0FAC083D9A7B040FE357D5 /* NSDateFormatter+StaticInstances.swift */; };
		1F0FAF74C05433330B6BFCEA /* APIClient.swift in Sources */ = {isa = PBXBuildFile; fileRef = 1F0FAD2511DA35C738E12E01 /* APIClient.swift */; };
		1F0FAFCF8C46466007C2FE73 /* APIClientStub.swift in Sources */ = {isa = PBXBuildFile; fileRef = 1F0FA72001FB011FA3BC5EA1 /* APIClientStub.swift */; };
		3F2AA74A694B8328542B7E13 /* Pods_Another_Flickr_GalleryTests.framework in Frameworks */ = {isa = PBXBuildFile; fileRef = 659AC3C796FD8EB8C6739DC1 /* Pods_Another_Flickr_GalleryTests.framework */; };
		6696FC9E1ECAFBCA00FA007C /* R.generated.swift in Sources */ = {isa = PBXBuildFile; fileRef = 6696FC9D1ECAFBCA00FA007C /* R.generated.swift */; };
		6696FCA01ECAFCB300FA007C /* ImageConvertible.swift in Sources */ = {isa = PBXBuildFile; fileRef = 6696FC9F1ECAFCB300FA007C /* ImageConvertible.swift */; };
		6696FCA21ECAFD2B00FA007C /* GalleryViewModel.swift in Sources */ = {isa = PBXBuildFile; fileRef = 6696FCA11ECAFD2B00FA007C /* GalleryViewModel.swift */; };
		6696FCA41ECB07C200FA007C /* mapElements.swift in Sources */ = {isa = PBXBuildFile; fileRef = 6696FCA31ECB07C200FA007C /* mapElements.swift */; };
		66D990B51EC986CE00656E15 /* AppDelegate.swift in Sources */ = {isa = PBXBuildFile; fileRef = 66D990B41EC986CE00656E15 /* AppDelegate.swift */; };
		66D990BC1EC986CE00656E15 /* Assets.xcassets in Resources */ = {isa = PBXBuildFile; fileRef = 66D990BB1EC986CE00656E15 /* Assets.xcassets */; };
		66D990BF1EC986CE00656E15 /* LaunchScreen.storyboard in Resources */ = {isa = PBXBuildFile; fileRef = 66D990BD1EC986CE00656E15 /* LaunchScreen.storyboard */; };
		66D990D51EC99C7B00656E15 /* DecodableAPIClient.swift in Sources */ = {isa = PBXBuildFile; fileRef = 66D990D41EC99C7B00656E15 /* DecodableAPIClient.swift */; };
		66E7DF041ECB3C02003A8AF3 /* String+IsEmptyWithOptions.swift in Sources */ = {isa = PBXBuildFile; fileRef = 66E7DF031ECB3C02003A8AF3 /* String+IsEmptyWithOptions.swift */; };
		66E7DF061ECB3C38003A8AF3 /* OptionalType.swift in Sources */ = {isa = PBXBuildFile; fileRef = 66E7DF051ECB3C38003A8AF3 /* OptionalType.swift */; };
		809965E3CFDDFD7AC600EDAE /* Pods_Another_Flickr_Gallery.framework in Frameworks */ = {isa = PBXBuildFile; fileRef = 0CFBBCBEEACCEFBA42EBAF99 /* Pods_Another_Flickr_Gallery.framework */; };
/* End PBXBuildFile section */

/* Begin PBXContainerItemProxy section */
		66D990C61EC986CE00656E15 /* PBXContainerItemProxy */ = {
			isa = PBXContainerItemProxy;
			containerPortal = 66D990A91EC986CE00656E15 /* Project object */;
			proxyType = 1;
			remoteGlobalIDString = 66D990B01EC986CE00656E15;
			remoteInfo = "Another-Flickr-Gallery";
		};
/* End PBXContainerItemProxy section */

/* Begin PBXFileReference section */
		0CFBBCBEEACCEFBA42EBAF99 /* Pods_Another_Flickr_Gallery.framework */ = {isa = PBXFileReference; explicitFileType = wrapper.framework; includeInIndex = 0; path = Pods_Another_Flickr_Gallery.framework; sourceTree = BUILT_PRODUCTS_DIR; };
		1F0FA060E48C3EC1D6D70259 /* GalleryViewController.xib */ = {isa = PBXFileReference; lastKnownFileType = file.xib; path = GalleryViewController.xib; sourceTree = "<group>"; };
		1F0FA0E61C1CEE2A44B3EB40 /* URLConvertible.swift */ = {isa = PBXFileReference; fileEncoding = 4; lastKnownFileType = sourcecode.swift; path = URLConvertible.swift; sourceTree = "<group>"; };
		1F0FA0ECCAACFD12AA7771A4 /* ImageRetrieving+Placeholder.swift */ = {isa = PBXFileReference; fileEncoding = 4; lastKnownFileType = sourcecode.swift; path = "ImageRetrieving+Placeholder.swift"; sourceTree = "<group>"; };
		1F0FA1721EE4CDA9B7BC24DB /* SnapshotTestCase.swift */ = {isa = PBXFileReference; fileEncoding = 4; lastKnownFileType = sourcecode.swift; path = SnapshotTestCase.swift; sourceTree = "<group>"; };
		1F0FA184CB5BBA3D729BA8E6 /* ControlProperty+BidirectionalBinding.swift */ = {isa = PBXFileReference; fileEncoding = 4; lastKnownFileType = sourcecode.swift; path = "ControlProperty+BidirectionalBinding.swift"; sourceTree = "<group>"; };
		1F0FA2636F70278AF2EC750C /* GetFlickrPublicGalleryUseCaseSpec.swift */ = {isa = PBXFileReference; fileEncoding = 4; lastKnownFileType = sourcecode.swift; path = GetFlickrPublicGalleryUseCaseSpec.swift; sourceTree = "<group>"; };
		1F0FA2A060C6D2137263270E /* FlickrCellViewModel.swift */ = {isa = PBXFileReference; fileEncoding = 4; lastKnownFileType = sourcecode.swift; path = FlickrCellViewModel.swift; sourceTree = "<group>"; };
		1F0FA2C94691B29386508607 /* driverJustComplete.swift */ = {isa = PBXFileReference; fileEncoding = 4; lastKnownFileType = sourcecode.swift; path = driverJustComplete.swift; sourceTree = "<group>"; };
		1F0FA3F2868725D6D2418FFE /* Assembly.swift */ = {isa = PBXFileReference; fileEncoding = 4; lastKnownFileType = sourcecode.swift; path = Assembly.swift; sourceTree = "<group>"; };
		1F0FA4295D3475879182069C /* NibHaving.swift */ = {isa = PBXFileReference; fileEncoding = 4; lastKnownFileType = sourcecode.swift; path = NibHaving.swift; sourceTree = "<group>"; };
		1F0FA5AA954A21D92E9BEA0D /* DateFactory.swift */ = {isa = PBXFileReference; fileEncoding = 4; lastKnownFileType = sourcecode.swift; path = DateFactory.swift; sourceTree = "<group>"; };
		1F0FA6B008F2D609466F0534 /* GalleryViewModelSpec.swift */ = {isa = PBXFileReference; fileEncoding = 4; lastKnownFileType = sourcecode.swift; path = GalleryViewModelSpec.swift; sourceTree = "<group>"; };
		1F0FA72001FB011FA3BC5EA1 /* APIClientStub.swift */ = {isa = PBXFileReference; fileEncoding = 4; lastKnownFileType = sourcecode.swift; path = APIClientStub.swift; sourceTree = "<group>"; };
		1F0FA72D17B3D5910FBABCFA /* BidirectionalBindTests.swift */ = {isa = PBXFileReference; fileEncoding = 4; lastKnownFileType = sourcecode.swift; path = BidirectionalBindTests.swift; sourceTree = "<group>"; };
		1F0FA858552FC10624FFFC1F /* GetFlickrPublicGalleryUseCase.swift */ = {isa = PBXFileReference; fileEncoding = 4; lastKnownFileType = sourcecode.swift; path = GetFlickrPublicGalleryUseCase.swift; sourceTree = "<group>"; };
		1F0FA99302C01949BB59C266 /* PhotoMeta.swift */ = {isa = PBXFileReference; fileEncoding = 4; lastKnownFileType = sourcecode.swift; path = PhotoMeta.swift; sourceTree = "<group>"; };
		1F0FA9AFAE5C8DDA4B920AFB /* flickr_gallery_feed_sample.json */ = {isa = PBXFileReference; fileEncoding = 4; lastKnownFileType = text.json; path = flickr_gallery_feed_sample.json; sourceTree = "<group>"; };
		1F0FAAD67D1C973A00A14BD3 /* FlickrImageTableViewCellSnapshotTests.swift */ = {isa = PBXFileReference; fileEncoding = 4; lastKnownFileType = sourcecode.swift; path = FlickrImageTableViewCellSnapshotTests.swift; sourceTree = "<group>"; };
		1F0FAB25A8B1CA032C3F10E8 /* TestsBridgingHeader.h */ = {isa = PBXFileReference; fileEncoding = 4; lastKnownFileType = sourcecode.c.h; path = TestsBridgingHeader.h; sourceTree = "<group>"; };
		1F0FAB308BCB1C5178C26B30 /* Moya+Argo.swift */ = {isa = PBXFileReference; fileEncoding = 4; lastKnownFileType = sourcecode.swift; path = "Moya+Argo.swift"; sourceTree = "<group>"; };
		1F0FABAD23481F9CDA5B9B2E /* PhotoMeta+Matchable.swift */ = {isa = PBXFileReference; fileEncoding = 4; lastKnownFileType = sourcecode.swift; path = "PhotoMeta+Matchable.swift"; sourceTree = "<group>"; };
		1F0FAC083D9A7B040FE357D5 /* NSDateFormatter+StaticInstances.swift */ = {isa = PBXFileReference; fileEncoding = 4; lastKnownFileType = sourcecode.swift; path = "NSDateFormatter+StaticInstances.swift"; sourceTree = "<group>"; };
		1F0FAC96BF66AFD4BA199A52 /* GalleryViewController.swift */ = {isa = PBXFileReference; fileEncoding = 4; lastKnownFileType = sourcecode.swift; path = GalleryViewController.swift; sourceTree = "<group>"; };
		1F0FAD2511DA35C738E12E01 /* APIClient.swift */ = {isa = PBXFileReference; fileEncoding = 4; lastKnownFileType = sourcecode.swift; path = APIClient.swift; sourceTree = "<group>"; };
		1F0FAD2ABAE066EE173F9F46 /* DecodableAPIClientSpec.swift */ = {isa = PBXFileReference; fileEncoding = 4; lastKnownFileType = sourcecode.swift; path = DecodableAPIClientSpec.swift; sourceTree = "<group>"; };
		1F0FAD46ACDFECF4649972D8 /* ReusableView.swift */ = {isa = PBXFileReference; fileEncoding = 4; lastKnownFileType = sourcecode.swift; path = ReusableView.swift; sourceTree = "<group>"; };
		1F0FAD6578C966D937C5DC39 /* Fakable.swift */ = {isa = PBXFileReference; fileEncoding = 4; lastKnownFileType = sourcecode.swift; path = Fakable.swift; sourceTree = "<group>"; };
		1F0FADCFA77908319AD9CC80 /* FlickrJSONPlugin.swift */ = {isa = PBXFileReference; fileEncoding = 4; lastKnownFileType = sourcecode.swift; path = FlickrJSONPlugin.swift; sourceTree = "<group>"; };
		1F0FAE45D39C1F8FDC8B1749 /* PhotoMeta+Fakable.swift */ = {isa = PBXFileReference; fileEncoding = 4; lastKnownFileType = sourcecode.swift; path = "PhotoMeta+Fakable.swift"; sourceTree = "<group>"; };
		1F0FAEE8926F3743C76C0CED /* FlickrImageTableViewCell.xib */ = {isa = PBXFileReference; lastKnownFileType = file.xib; path = FlickrImageTableViewCell.xib; sourceTree = "<group>"; };
		1F0FAEFF71DBEE1EEAA83FFA /* JSONPNormalizationPluginSpec.swift */ = {isa = PBXFileReference; fileEncoding = 4; lastKnownFileType = sourcecode.swift; path = JSONPNormalizationPluginSpec.swift; sourceTree = "<group>"; };
		1F0FAF30C2E2A27BA3D4A034 /* RxCells.swift */ = {isa = PBXFileReference; fileEncoding = 4; lastKnownFileType = sourcecode.swift; path = RxCells.swift; sourceTree = "<group>"; };
		1F0FAF5A439437A0C8105D41 /* ImageRetrieving.swift */ = {isa = PBXFileReference; fileEncoding = 4; lastKnownFileType = sourcecode.swift; path = ImageRetrieving.swift; sourceTree = "<group>"; };
		1F0FAF68D90977C7AC721046 /* ActivityTracker.swift */ = {isa = PBXFileReference; fileEncoding = 4; lastKnownFileType = sourcecode.swift; path = ActivityTracker.swift; sourceTree = "<group>"; };
		1F0FAF70D8FCEACFB54EFA93 /* FlickrImageTableViewCell.swift */ = {isa = PBXFileReference; fileEncoding = 4; lastKnownFileType = sourcecode.swift; path = FlickrImageTableViewCell.swift; sourceTree = "<group>"; };
		1F0FAFECFD8287473F147125 /* GetPublicFeed.swift */ = {isa = PBXFileReference; fileEncoding = 4; lastKnownFileType = sourcecode.swift; path = GetPublicFeed.swift; sourceTree = "<group>"; };
		3A4B6D475FF7FDF609CD4ED5 /* Pods-Another-Flickr-GalleryTests.release.xcconfig */ = {isa = PBXFileReference; includeInIndex = 1; lastKnownFileType = text.xcconfig; name = "Pods-Another-Flickr-GalleryTests.release.xcconfig"; path = "Pods/Target Support Files/Pods-Another-Flickr-GalleryTests/Pods-Another-Flickr-GalleryTests.release.xcconfig"; sourceTree = "<group>"; };
		45B1E4E6155E72BA0A393305 /* Pods-Another-Flickr-Gallery.debug.xcconfig */ = {isa = PBXFileReference; includeInIndex = 1; lastKnownFileType = text.xcconfig; name = "Pods-Another-Flickr-Gallery.debug.xcconfig"; path = "Pods/Target Support Files/Pods-Another-Flickr-Gallery/Pods-Another-Flickr-Gallery.debug.xcconfig"; sourceTree = "<group>"; };
		52D5E83DE94B5319452431AA /* Pods-Another-Flickr-GalleryTests.debug.xcconfig */ = {isa = PBXFileReference; includeInIndex = 1; lastKnownFileType = text.xcconfig; name = "Pods-Another-Flickr-GalleryTests.debug.xcconfig"; path = "Pods/Target Support Files/Pods-Another-Flickr-GalleryTests/Pods-Another-Flickr-GalleryTests.debug.xcconfig"; sourceTree = "<group>"; };
		5DA747B2D8ABEC7B82316C89 /* Pods-Another-Flickr-Gallery.release.xcconfig */ = {isa = PBXFileReference; includeInIndex = 1; lastKnownFileType = text.xcconfig; name = "Pods-Another-Flickr-Gallery.release.xcconfig"; path = "Pods/Target Support Files/Pods-Another-Flickr-Gallery/Pods-Another-Flickr-Gallery.release.xcconfig"; sourceTree = "<group>"; };
		659AC3C796FD8EB8C6739DC1 /* Pods_Another_Flickr_GalleryTests.framework */ = {isa = PBXFileReference; explicitFileType = wrapper.framework; includeInIndex = 0; path = Pods_Another_Flickr_GalleryTests.framework; sourceTree = BUILT_PRODUCTS_DIR; };
		6696FC9D1ECAFBCA00FA007C /* R.generated.swift */ = {isa = PBXFileReference; fileEncoding = 4; lastKnownFileType = sourcecode.swift; path = R.generated.swift; sourceTree = "<group>"; };
		6696FC9F1ECAFCB300FA007C /* ImageConvertible.swift */ = {isa = PBXFileReference; fileEncoding = 4; lastKnownFileType = sourcecode.swift; path = ImageConvertible.swift; sourceTree = "<group>"; };
		6696FCA11ECAFD2B00FA007C /* GalleryViewModel.swift */ = {isa = PBXFileReference; fileEncoding = 4; lastKnownFileType = sourcecode.swift; path = GalleryViewModel.swift; sourceTree = "<group>"; };
		6696FCA31ECB07C200FA007C /* mapElements.swift */ = {isa = PBXFileReference; fileEncoding = 4; lastKnownFileType = sourcecode.swift; path = mapElements.swift; sourceTree = "<group>"; };
		66D990B11EC986CE00656E15 /* Another-Flickr-Gallery.app */ = {isa = PBXFileReference; explicitFileType = wrapper.application; includeInIndex = 0; path = "Another-Flickr-Gallery.app"; sourceTree = BUILT_PRODUCTS_DIR; };
		66D990B41EC986CE00656E15 /* AppDelegate.swift */ = {isa = PBXFileReference; lastKnownFileType = sourcecode.swift; path = AppDelegate.swift; sourceTree = "<group>"; };
		66D990BB1EC986CE00656E15 /* Assets.xcassets */ = {isa = PBXFileReference; lastKnownFileType = folder.assetcatalog; path = Assets.xcassets; sourceTree = "<group>"; };
		66D990BE1EC986CE00656E15 /* Base */ = {isa = PBXFileReference; lastKnownFileType = file.storyboard; name = Base; path = Base.lproj/LaunchScreen.storyboard; sourceTree = "<group>"; };
		66D990C01EC986CE00656E15 /* Info.plist */ = {isa = PBXFileReference; lastKnownFileType = text.plist.xml; path = Info.plist; sourceTree = "<group>"; };
		66D990C51EC986CE00656E15 /* Another-Flickr-GalleryTests.xctest */ = {isa = PBXFileReference; explicitFileType = wrapper.cfbundle; includeInIndex = 0; path = "Another-Flickr-GalleryTests.xctest"; sourceTree = BUILT_PRODUCTS_DIR; };
		66D990CB1EC986CE00656E15 /* Info.plist */ = {isa = PBXFileReference; lastKnownFileType = text.plist.xml; path = Info.plist; sourceTree = "<group>"; };
		66D990D41EC99C7B00656E15 /* DecodableAPIClient.swift */ = {isa = PBXFileReference; fileEncoding = 4; lastKnownFileType = sourcecode.swift; path = DecodableAPIClient.swift; sourceTree = "<group>"; };
		66E7DF031ECB3C02003A8AF3 /* String+IsEmptyWithOptions.swift */ = {isa = PBXFileReference; fileEncoding = 4; lastKnownFileType = sourcecode.swift; path = "String+IsEmptyWithOptions.swift"; sourceTree = "<group>"; };
		66E7DF051ECB3C38003A8AF3 /* OptionalType.swift */ = {isa = PBXFileReference; fileEncoding = 4; lastKnownFileType = sourcecode.swift; path = OptionalType.swift; sourceTree = "<group>"; };
/* End PBXFileReference section */

/* Begin PBXFrameworksBuildPhase section */
		66D990AE1EC986CE00656E15 /* Frameworks */ = {
			isa = PBXFrameworksBuildPhase;
			buildActionMask = 2147483647;
			files = (
				809965E3CFDDFD7AC600EDAE /* Pods_Another_Flickr_Gallery.framework in Frameworks */,
			);
			runOnlyForDeploymentPostprocessing = 0;
		};
		66D990C21EC986CE00656E15 /* Frameworks */ = {
			isa = PBXFrameworksBuildPhase;
			buildActionMask = 2147483647;
			files = (
				3F2AA74A694B8328542B7E13 /* Pods_Another_Flickr_GalleryTests.framework in Frameworks */,
			);
			runOnlyForDeploymentPostprocessing = 0;
		};
/* End PBXFrameworksBuildPhase section */

/* Begin PBXGroup section */
		1E56255D9ABAFE62E365B756 /* Pods */ = {
			isa = PBXGroup;
			children = (
				45B1E4E6155E72BA0A393305 /* Pods-Another-Flickr-Gallery.debug.xcconfig */,
				5DA747B2D8ABEC7B82316C89 /* Pods-Another-Flickr-Gallery.release.xcconfig */,
				52D5E83DE94B5319452431AA /* Pods-Another-Flickr-GalleryTests.debug.xcconfig */,
				3A4B6D475FF7FDF609CD4ED5 /* Pods-Another-Flickr-GalleryTests.release.xcconfig */,
			);
			name = Pods;
			sourceTree = "<group>";
		};
		1F0FA191DE8E0FBA7BFB446A /* Rx */ = {
			isa = PBXGroup;
			children = (
				6696FCA31ECB07C200FA007C /* mapElements.swift */,
				1F0FA2C94691B29386508607 /* driverJustComplete.swift */,
				1F0FAF68D90977C7AC721046 /* ActivityTracker.swift */,
				1F0FA184CB5BBA3D729BA8E6 /* ControlProperty+BidirectionalBinding.swift */,
			);
			path = Rx;
			sourceTree = "<group>";
		};
		1F0FA1BCB983572FD13FF4FF /* TestHelpers */ = {
			isa = PBXGroup;
			children = (
				1F0FA5AA954A21D92E9BEA0D /* DateFactory.swift */,
			);
			path = TestHelpers;
			sourceTree = "<group>";
		};
		1F0FA1BF72CD21D7F3F8384D /* GalleryFeed */ = {
			isa = PBXGroup;
			children = (
				1F0FAAD67D1C973A00A14BD3 /* FlickrImageTableViewCellSnapshotTests.swift */,
				1F0FA6B008F2D609466F0534 /* GalleryViewModelSpec.swift */,
				1F0FABAD23481F9CDA5B9B2E /* PhotoMeta+Matchable.swift */,
				1F0FAE45D39C1F8FDC8B1749 /* PhotoMeta+Fakable.swift */,
				1F0FA2636F70278AF2EC750C /* GetFlickrPublicGalleryUseCaseSpec.swift */,
				1F0FA9AFAE5C8DDA4B920AFB /* flickr_gallery_feed_sample.json */,
			);
			path = GalleryFeed;
			sourceTree = "<group>";
		};
		1F0FA2558EA413D8197B5927 /* APIConnection */ = {
			isa = PBXGroup;
			children = (
				1F0FAD2511DA35C738E12E01 /* APIClient.swift */,
				1F0FAB308BCB1C5178C26B30 /* Moya+Argo.swift */,
				66D990D41EC99C7B00656E15 /* DecodableAPIClient.swift */,
				1F0FAEBE50E9080ECA7B312A /* Requests */,
				1F0FADCFA77908319AD9CC80 /* FlickrJSONPlugin.swift */,
			);
			path = APIConnection;
			sourceTree = "<group>";
		};
		1F0FA3A5F5D9DC8FC58CADCF /* Views */ = {
			isa = PBXGroup;
			children = (
				1F0FAD46ACDFECF4649972D8 /* ReusableView.swift */,
				1F0FAF30C2E2A27BA3D4A034 /* RxCells.swift */,
			);
			path = Views;
			sourceTree = "<group>";
		};
		1F0FA47AB5ECFBE621B7E4B4 /* ImageRetrieving */ = {
			isa = PBXGroup;
			children = (
				1F0FAF5A439437A0C8105D41 /* ImageRetrieving.swift */,
				1F0FA0ECCAACFD12AA7771A4 /* ImageRetrieving+Placeholder.swift */,
			);
			path = ImageRetrieving;
			sourceTree = "<group>";
		};
		1F0FA4F8B2158DEB59B4D5CC /* SharedStubs */ = {
			isa = PBXGroup;
			children = (
				1F0FA72001FB011FA3BC5EA1 /* APIClientStub.swift */,
			);
			path = SharedStubs;
			sourceTree = "<group>";
		};
		1F0FA57610A94D5C92D7B126 /* Common */ = {
			isa = PBXGroup;
			children = (
				1F0FAE3571DFB58A0185B022 /* Protocols */,
				1F0FA3A5F5D9DC8FC58CADCF /* Views */,
				1F0FAE88FEBC95471FB2D927 /* Models */,
				1F0FAD3ECEF09035A6B35E8D /* FoundationExtensions */,
			);
			path = Common;
			sourceTree = "<group>";
		};
		1F0FA65535CEC0AA43A66561 /* DependencyInjection */ = {
			isa = PBXGroup;
			children = (
				1F0FA3F2868725D6D2418FFE /* Assembly.swift */,
			);
			path = DependencyInjection;
			sourceTree = "<group>";
		};
		1F0FA8ED1951E8D20150D692 /* Modules */ = {
			isa = PBXGroup;
			children = (
				1F0FA2558EA413D8197B5927 /* APIConnection */,
				1F0FA65535CEC0AA43A66561 /* DependencyInjection */,
				1F0FAC2960BBB11EB8D8307F /* GalleryFeed */,
				1F0FA191DE8E0FBA7BFB446A /* Rx */,
				1F0FA47AB5ECFBE621B7E4B4 /* ImageRetrieving */,
			);
			path = Modules;
			sourceTree = "<group>";
		};
		1F0FAAC4C996823A9D624597 /* APIConnection */ = {
			isa = PBXGroup;
			children = (
				1F0FAD2ABAE066EE173F9F46 /* DecodableAPIClientSpec.swift */,
				1F0FAEFF71DBEE1EEAA83FFA /* JSONPNormalizationPluginSpec.swift */,
			);
			path = APIConnection;
			sourceTree = "<group>";
		};
		1F0FABDAC81301C7E4C91D07 /* Rx */ = {
			isa = PBXGroup;
			children = (
				1F0FA72D17B3D5910FBABCFA /* BidirectionalBindTests.swift */,
			);
			path = Rx;
			sourceTree = "<group>";
		};
		1F0FAC2960BBB11EB8D8307F /* GalleryFeed */ = {
			isa = PBXGroup;
			children = (
				1F0FAC96BF66AFD4BA199A52 /* GalleryViewController.swift */,
				1F0FA060E48C3EC1D6D70259 /* GalleryViewController.xib */,
				1F0FAF70D8FCEACFB54EFA93 /* FlickrImageTableViewCell.swift */,
				1F0FAEE8926F3743C76C0CED /* FlickrImageTableViewCell.xib */,
				6696FCA11ECAFD2B00FA007C /* GalleryViewModel.swift */,
				1F0FA858552FC10624FFFC1F /* GetFlickrPublicGalleryUseCase.swift */,
				1F0FA2A060C6D2137263270E /* FlickrCellViewModel.swift */,
			);
			path = GalleryFeed;
			sourceTree = "<group>";
		};
		1F0FAD3ECEF09035A6B35E8D /* FoundationExtensions */ = {
			isa = PBXGroup;
			children = (
				1F0FAC083D9A7B040FE357D5 /* NSDateFormatter+StaticInstances.swift */,
				66E7DF031ECB3C02003A8AF3 /* String+IsEmptyWithOptions.swift */,
				66E7DF051ECB3C38003A8AF3 /* OptionalType.swift */,
			);
			path = FoundationExtensions;
			sourceTree = "<group>";
		};
		1F0FAE3571DFB58A0185B022 /* Protocols */ = {
			isa = PBXGroup;
			children = (
				1F0FA4295D3475879182069C /* NibHaving.swift */,
				6696FC9F1ECAFCB300FA007C /* ImageConvertible.swift */,
				1F0FA0E61C1CEE2A44B3EB40 /* URLConvertible.swift */,
			);
			path = Protocols;
			sourceTree = "<group>";
		};
		1F0FAE88FEBC95471FB2D927 /* Models */ = {
			isa = PBXGroup;
			children = (
				1F0FA99302C01949BB59C266 /* PhotoMeta.swift */,
			);
			path = Models;
			sourceTree = "<group>";
		};
		1F0FAEA041A802434C11E2C7 /* Modules */ = {
			isa = PBXGroup;
			children = (
				1F0FAAC4C996823A9D624597 /* APIConnection */,
				1F0FA1BF72CD21D7F3F8384D /* GalleryFeed */,
				1F0FAD6578C966D937C5DC39 /* Fakable.swift */,
				1F0FABDAC81301C7E4C91D07 /* Rx */,
			);
			path = Modules;
			sourceTree = "<group>";
		};
		1F0FAEBE50E9080ECA7B312A /* Requests */ = {
			isa = PBXGroup;
			children = (
				1F0FAFECFD8287473F147125 /* GetPublicFeed.swift */,
			);
			path = Requests;
			sourceTree = "<group>";
		};
		66D990A81EC986CE00656E15 = {
			isa = PBXGroup;
			children = (
				6696FC9D1ECAFBCA00FA007C /* R.generated.swift */,
				66D990B31EC986CE00656E15 /* Another-Flickr-Gallery */,
				66D990C81EC986CE00656E15 /* Another-Flickr-GalleryTests */,
				66D990B21EC986CE00656E15 /* Products */,
				1E56255D9ABAFE62E365B756 /* Pods */,
				831D0093A916907F3FB28EA3 /* Frameworks */,
			);
			sourceTree = "<group>";
		};
		66D990B21EC986CE00656E15 /* Products */ = {
			isa = PBXGroup;
			children = (
				66D990B11EC986CE00656E15 /* Another-Flickr-Gallery.app */,
				66D990C51EC986CE00656E15 /* Another-Flickr-GalleryTests.xctest */,
			);
			name = Products;
			sourceTree = "<group>";
		};
		66D990B31EC986CE00656E15 /* Another-Flickr-Gallery */ = {
			isa = PBXGroup;
			children = (
				66D990B41EC986CE00656E15 /* AppDelegate.swift */,
				66D990BB1EC986CE00656E15 /* Assets.xcassets */,
				66D990BD1EC986CE00656E15 /* LaunchScreen.storyboard */,
				66D990C01EC986CE00656E15 /* Info.plist */,
				1F0FA57610A94D5C92D7B126 /* Common */,
				1F0FA8ED1951E8D20150D692 /* Modules */,
			);
			path = "Another-Flickr-Gallery";
			sourceTree = "<group>";
		};
		66D990C81EC986CE00656E15 /* Another-Flickr-GalleryTests */ = {
			isa = PBXGroup;
			children = (
				66D990CB1EC986CE00656E15 /* Info.plist */,
				1F0FAEA041A802434C11E2C7 /* Modules */,
				1F0FA1721EE4CDA9B7BC24DB /* SnapshotTestCase.swift */,
				1F0FAB25A8B1CA032C3F10E8 /* TestsBridgingHeader.h */,
				1F0FA4F8B2158DEB59B4D5CC /* SharedStubs */,
				1F0FA1BCB983572FD13FF4FF /* TestHelpers */,
			);
			path = "Another-Flickr-GalleryTests";
			sourceTree = "<group>";
		};
		831D0093A916907F3FB28EA3 /* Frameworks */ = {
			isa = PBXGroup;
			children = (
				0CFBBCBEEACCEFBA42EBAF99 /* Pods_Another_Flickr_Gallery.framework */,
				659AC3C796FD8EB8C6739DC1 /* Pods_Another_Flickr_GalleryTests.framework */,
			);
			name = Frameworks;
			sourceTree = "<group>";
		};
/* End PBXGroup section */

/* Begin PBXNativeTarget section */
		66D990B01EC986CE00656E15 /* Another-Flickr-Gallery */ = {
			isa = PBXNativeTarget;
			buildConfigurationList = 66D990CE1EC986CE00656E15 /* Build configuration list for PBXNativeTarget "Another-Flickr-Gallery" */;
			buildPhases = (
				5DC71885F2E7606D5B0D3E0C /* [CP] Check Pods Manifest.lock */,
				6647C74F1ECBC5FB00C7E1A0 /* Run Swiftlint */,
				6696FC9C1ECAFBB600FA007C /* Run R.swift */,
				66D990AD1EC986CE00656E15 /* Sources */,
				66D990AE1EC986CE00656E15 /* Frameworks */,
				66D990AF1EC986CE00656E15 /* Resources */,
				6409A4E321D75B19605B41ED /* [CP] Embed Pods Frameworks */,
				993FE16D372DC5303BC00103 /* [CP] Copy Pods Resources */,
			);
			buildRules = (
			);
			dependencies = (
			);
			name = "Another-Flickr-Gallery";
			productName = "Another-Flickr-Gallery";
			productReference = 66D990B11EC986CE00656E15 /* Another-Flickr-Gallery.app */;
			productType = "com.apple.product-type.application";
		};
		66D990C41EC986CE00656E15 /* Another-Flickr-GalleryTests */ = {
			isa = PBXNativeTarget;
			buildConfigurationList = 66D990D11EC986CE00656E15 /* Build configuration list for PBXNativeTarget "Another-Flickr-GalleryTests" */;
			buildPhases = (
				15A14C79D8E60AFF05908A18 /* [CP] Check Pods Manifest.lock */,
				66D990C11EC986CE00656E15 /* Sources */,
				66D990C21EC986CE00656E15 /* Frameworks */,
				66D990C31EC986CE00656E15 /* Resources */,
				C131CBB8BD2DAB5C450B5CD5 /* [CP] Embed Pods Frameworks */,
				C0A84FA4494707CD43CC8AD9 /* [CP] Copy Pods Resources */,
			);
			buildRules = (
			);
			dependencies = (
				66D990C71EC986CE00656E15 /* PBXTargetDependency */,
			);
			name = "Another-Flickr-GalleryTests";
			productName = "Another-Flickr-GalleryTests";
			productReference = 66D990C51EC986CE00656E15 /* Another-Flickr-GalleryTests.xctest */;
			productType = "com.apple.product-type.bundle.unit-test";
		};
/* End PBXNativeTarget section */

/* Begin PBXProject section */
		66D990A91EC986CE00656E15 /* Project object */ = {
			isa = PBXProject;
			attributes = {
				LastSwiftUpdateCheck = 0830;
				LastUpgradeCheck = 0830;
				ORGANIZATIONNAME = adamborek.com;
				TargetAttributes = {
					66D990B01EC986CE00656E15 = {
						CreatedOnToolsVersion = 8.3.2;
						ProvisioningStyle = Automatic;
					};
					66D990C41EC986CE00656E15 = {
						CreatedOnToolsVersion = 8.3.2;
						ProvisioningStyle = Automatic;
						TestTargetID = 66D990B01EC986CE00656E15;
					};
				};
			};
			buildConfigurationList = 66D990AC1EC986CE00656E15 /* Build configuration list for PBXProject "Another-Flickr-Gallery" */;
			compatibilityVersion = "Xcode 3.2";
			developmentRegion = English;
			hasScannedForEncodings = 0;
			knownRegions = (
				en,
				Base,
			);
			mainGroup = 66D990A81EC986CE00656E15;
			productRefGroup = 66D990B21EC986CE00656E15 /* Products */;
			projectDirPath = "";
			projectRoot = "";
			targets = (
				66D990B01EC986CE00656E15 /* Another-Flickr-Gallery */,
				66D990C41EC986CE00656E15 /* Another-Flickr-GalleryTests */,
			);
		};
/* End PBXProject section */

/* Begin PBXResourcesBuildPhase section */
		66D990AF1EC986CE00656E15 /* Resources */ = {
			isa = PBXResourcesBuildPhase;
			buildActionMask = 2147483647;
			files = (
				66D990BF1EC986CE00656E15 /* LaunchScreen.storyboard in Resources */,
				66D990BC1EC986CE00656E15 /* Assets.xcassets in Resources */,
				1F0FA8E5E87F012295634B2C /* GalleryViewController.xib in Resources */,
				1F0FA6A14E004DFA50AB6332 /* FlickrImageTableViewCell.xib in Resources */,
			);
			runOnlyForDeploymentPostprocessing = 0;
		};
		66D990C31EC986CE00656E15 /* Resources */ = {
			isa = PBXResourcesBuildPhase;
			buildActionMask = 2147483647;
			files = (
				1F0FA956C0E8B735CC298CFE /* flickr_gallery_feed_sample.json in Resources */,
			);
			runOnlyForDeploymentPostprocessing = 0;
		};
/* End PBXResourcesBuildPhase section */

/* Begin PBXShellScriptBuildPhase section */
		15A14C79D8E60AFF05908A18 /* [CP] Check Pods Manifest.lock */ = {
			isa = PBXShellScriptBuildPhase;
			buildActionMask = 2147483647;
			files = (
			);
			inputPaths = (
			);
			name = "[CP] Check Pods Manifest.lock";
			outputPaths = (
			);
			runOnlyForDeploymentPostprocessing = 0;
			shellPath = /bin/sh;
			shellScript = "diff \"${PODS_PODFILE_DIR_PATH}/Podfile.lock\" \"${PODS_ROOT}/Manifest.lock\" > /dev/null\nif [ $? != 0 ] ; then\n    # print error to STDERR\n    echo \"error: The sandbox is not in sync with the Podfile.lock. Run 'pod install' or update your CocoaPods installation.\" >&2\n    exit 1\nfi\n";
			showEnvVarsInLog = 0;
		};
		5DC71885F2E7606D5B0D3E0C /* [CP] Check Pods Manifest.lock */ = {
			isa = PBXShellScriptBuildPhase;
			buildActionMask = 2147483647;
			files = (
			);
			inputPaths = (
			);
			name = "[CP] Check Pods Manifest.lock";
			outputPaths = (
			);
			runOnlyForDeploymentPostprocessing = 0;
			shellPath = /bin/sh;
			shellScript = "diff \"${PODS_PODFILE_DIR_PATH}/Podfile.lock\" \"${PODS_ROOT}/Manifest.lock\" > /dev/null\nif [ $? != 0 ] ; then\n    # print error to STDERR\n    echo \"error: The sandbox is not in sync with the Podfile.lock. Run 'pod install' or update your CocoaPods installation.\" >&2\n    exit 1\nfi\n";
			showEnvVarsInLog = 0;
		};
		6409A4E321D75B19605B41ED /* [CP] Embed Pods Frameworks */ = {
			isa = PBXShellScriptBuildPhase;
			buildActionMask = 2147483647;
			files = (
			);
			inputPaths = (
			);
			name = "[CP] Embed Pods Frameworks";
			outputPaths = (
			);
			runOnlyForDeploymentPostprocessing = 0;
			shellPath = /bin/sh;
			shellScript = "\"${SRCROOT}/Pods/Target Support Files/Pods-Another-Flickr-Gallery/Pods-Another-Flickr-Gallery-frameworks.sh\"\n";
			showEnvVarsInLog = 0;
		};
		6647C74F1ECBC5FB00C7E1A0 /* Run Swiftlint */ = {
			isa = PBXShellScriptBuildPhase;
			buildActionMask = 2147483647;
			files = (
			);
			inputPaths = (
			);
			name = "Run Swiftlint";
			outputPaths = (
			);
			runOnlyForDeploymentPostprocessing = 0;
			shellPath = /bin/sh;
			shellScript = "\"${PODS_ROOT}/SwiftLint/swiftlint\"";
		};
		6696FC9C1ECAFBB600FA007C /* Run R.swift */ = {
			isa = PBXShellScriptBuildPhase;
			buildActionMask = 2147483647;
			files = (
			);
			inputPaths = (
			);
			name = "Run R.swift";
			outputPaths = (
			);
			runOnlyForDeploymentPostprocessing = 0;
			shellPath = /bin/sh;
			shellScript = "\"$PODS_ROOT/R.swift/rswift\" \"$SRCROOT\"";
		};
		993FE16D372DC5303BC00103 /* [CP] Copy Pods Resources */ = {
			isa = PBXShellScriptBuildPhase;
			buildActionMask = 2147483647;
			files = (
			);
			inputPaths = (
			);
			name = "[CP] Copy Pods Resources";
			outputPaths = (
			);
			runOnlyForDeploymentPostprocessing = 0;
			shellPath = /bin/sh;
			shellScript = "\"${SRCROOT}/Pods/Target Support Files/Pods-Another-Flickr-Gallery/Pods-Another-Flickr-Gallery-resources.sh\"\n";
			showEnvVarsInLog = 0;
		};
		C0A84FA4494707CD43CC8AD9 /* [CP] Copy Pods Resources */ = {
			isa = PBXShellScriptBuildPhase;
			buildActionMask = 2147483647;
			files = (
			);
			inputPaths = (
			);
			name = "[CP] Copy Pods Resources";
			outputPaths = (
			);
			runOnlyForDeploymentPostprocessing = 0;
			shellPath = /bin/sh;
			shellScript = "\"${SRCROOT}/Pods/Target Support Files/Pods-Another-Flickr-GalleryTests/Pods-Another-Flickr-GalleryTests-resources.sh\"\n";
			showEnvVarsInLog = 0;
		};
		C131CBB8BD2DAB5C450B5CD5 /* [CP] Embed Pods Frameworks */ = {
			isa = PBXShellScriptBuildPhase;
			buildActionMask = 2147483647;
			files = (
			);
			inputPaths = (
			);
			name = "[CP] Embed Pods Frameworks";
			outputPaths = (
			);
			runOnlyForDeploymentPostprocessing = 0;
			shellPath = /bin/sh;
			shellScript = "\"${SRCROOT}/Pods/Target Support Files/Pods-Another-Flickr-GalleryTests/Pods-Another-Flickr-GalleryTests-frameworks.sh\"\n";
			showEnvVarsInLog = 0;
		};
/* End PBXShellScriptBuildPhase section */

/* Begin PBXSourcesBuildPhase section */
		66D990AD1EC986CE00656E15 /* Sources */ = {
			isa = PBXSourcesBuildPhase;
			buildActionMask = 2147483647;
			files = (
				66D990B51EC986CE00656E15 /* AppDelegate.swift in Sources */,
				66E7DF061ECB3C38003A8AF3 /* OptionalType.swift in Sources */,
				6696FCA21ECAFD2B00FA007C /* GalleryViewModel.swift in Sources */,
				1F0FAF74C05433330B6BFCEA /* APIClient.swift in Sources */,
				1F0FA078ABD9E0429E7A1624 /* Moya+Argo.swift in Sources */,
				66D990D51EC99C7B00656E15 /* DecodableAPIClient.swift in Sources */,
				1F0FA9E32BD2C0A8E9FFE9F4 /* GetPublicFeed.swift in Sources */,
				6696FCA01ECAFCB300FA007C /* ImageConvertible.swift in Sources */,
				6696FCA41ECB07C200FA007C /* mapElements.swift in Sources */,
				66E7DF041ECB3C02003A8AF3 /* String+IsEmptyWithOptions.swift in Sources */,
				1F0FADFECE4507D6B8391CB2 /* Assembly.swift in Sources */,
				6696FC9E1ECAFBCA00FA007C /* R.generated.swift in Sources */,
				1F0FACC96ADBDDBD09E1FBC3 /* FlickrJSONPlugin.swift in Sources */,
				1F0FA1478FF9009DC4054C7B /* GalleryViewController.swift in Sources */,
				1F0FA566B728B8A2500C22BA /* NibHaving.swift in Sources */,
				1F0FAD72A44815E75B4F4D23 /* ReusableView.swift in Sources */,
				1F0FAACFC7DC3FEE824FD1C6 /* FlickrImageTableViewCell.swift in Sources */,
				1F0FA9C6B5A103251453D657 /* RxCells.swift in Sources */,
				1F0FABCEE72073F293D7F00D /* driverJustComplete.swift in Sources */,
				1F0FA15508322C7BDEB9370D /* GetFlickrPublicGalleryUseCase.swift in Sources */,
				1F0FA918E658821F5F5FA8F2 /* PhotoMeta.swift in Sources */,
				1F0FAF4639F1851C54B69C43 /* NSDateFormatter+StaticInstances.swift in Sources */,
				1F0FA93E4880510A87183DA3 /* ImageRetrieving.swift in Sources */,
				1F0FA2E8DB5D93A55F5823EB /* ImageRetrieving+Placeholder.swift in Sources */,
				1F0FA555A421AFDB16922536 /* URLConvertible.swift in Sources */,
				1F0FA8F08437F011EE74E4F4 /* FlickrCellViewModel.swift in Sources */,
				1F0FA4FCF1681997160AB1E8 /* ActivityTracker.swift in Sources */,
				1F0FA3D0F60C26814117F507 /* ControlProperty+BidirectionalBinding.swift in Sources */,
			);
			runOnlyForDeploymentPostprocessing = 0;
		};
		66D990C11EC986CE00656E15 /* Sources */ = {
			isa = PBXSourcesBuildPhase;
			buildActionMask = 2147483647;
			files = (
				1F0FA6ECA75803270BC6F2FC /* DecodableAPIClientSpec.swift in Sources */,
				1F0FA2C59AB31887934EBBE1 /* JSONPNormalizationPluginSpec.swift in Sources */,
				1F0FA9BFCB31FFCE657FAC35 /* SnapshotTestCase.swift in Sources */,
				1F0FA5B03CA00C870CCD427E /* FlickrImageTableViewCellSnapshotTests.swift in Sources */,
				1F0FAED7506F65C12631C478 /* GalleryViewModelSpec.swift in Sources */,
				1F0FAAC0F24747757D19370C /* PhotoMeta+Matchable.swift in Sources */,
				1F0FA110AF16AE79663EC211 /* PhotoMeta+Fakable.swift in Sources */,
				1F0FA7CDFC835FF667FF48C4 /* Fakable.swift in Sources */,
				1F0FA4162F00E7E65BEDA528 /* GetFlickrPublicGalleryUseCaseSpec.swift in Sources */,
				1F0FAFCF8C46466007C2FE73 /* APIClientStub.swift in Sources */,
				1F0FA002EAE3190CEDA1AACB /* DateFactory.swift in Sources */,
				1F0FAE2056EB55D854B27255 /* BidirectionalBindTests.swift in Sources */,
			);
			runOnlyForDeploymentPostprocessing = 0;
		};
/* End PBXSourcesBuildPhase section */

/* Begin PBXTargetDependency section */
		66D990C71EC986CE00656E15 /* PBXTargetDependency */ = {
			isa = PBXTargetDependency;
			target = 66D990B01EC986CE00656E15 /* Another-Flickr-Gallery */;
			targetProxy = 66D990C61EC986CE00656E15 /* PBXContainerItemProxy */;
		};
/* End PBXTargetDependency section */

/* Begin PBXVariantGroup section */
		66D990BD1EC986CE00656E15 /* LaunchScreen.storyboard */ = {
			isa = PBXVariantGroup;
			children = (
				66D990BE1EC986CE00656E15 /* Base */,
			);
			name = LaunchScreen.storyboard;
			sourceTree = "<group>";
		};
/* End PBXVariantGroup section */

/* Begin XCBuildConfiguration section */
		66D990CC1EC986CE00656E15 /* Debug */ = {
			isa = XCBuildConfiguration;
			buildSettings = {
				ALWAYS_SEARCH_USER_PATHS = NO;
				CLANG_ANALYZER_NONNULL = YES;
				CLANG_ANALYZER_NUMBER_OBJECT_CONVERSION = YES_AGGRESSIVE;
				CLANG_CXX_LANGUAGE_STANDARD = "gnu++0x";
				CLANG_CXX_LIBRARY = "libc++";
				CLANG_ENABLE_MODULES = YES;
				CLANG_ENABLE_OBJC_ARC = YES;
				CLANG_WARN_BOOL_CONVERSION = YES;
				CLANG_WARN_CONSTANT_CONVERSION = YES;
				CLANG_WARN_DIRECT_OBJC_ISA_USAGE = YES_ERROR;
				CLANG_WARN_DOCUMENTATION_COMMENTS = YES;
				CLANG_WARN_EMPTY_BODY = YES;
				CLANG_WARN_ENUM_CONVERSION = YES;
				CLANG_WARN_INFINITE_RECURSION = YES;
				CLANG_WARN_INT_CONVERSION = YES;
				CLANG_WARN_OBJC_ROOT_CLASS = YES_ERROR;
				CLANG_WARN_SUSPICIOUS_MOVE = YES;
				CLANG_WARN_UNREACHABLE_CODE = YES;
				CLANG_WARN__DUPLICATE_METHOD_MATCH = YES;
				"CODE_SIGN_IDENTITY[sdk=iphoneos*]" = "iPhone Developer";
				COPY_PHASE_STRIP = NO;
				DEBUG_INFORMATION_FORMAT = dwarf;
				ENABLE_STRICT_OBJC_MSGSEND = YES;
				ENABLE_TESTABILITY = YES;
				GCC_C_LANGUAGE_STANDARD = gnu99;
				GCC_DYNAMIC_NO_PIC = NO;
				GCC_NO_COMMON_BLOCKS = YES;
				GCC_OPTIMIZATION_LEVEL = 0;
				GCC_PREPROCESSOR_DEFINITIONS = (
					"DEBUG=1",
					"$(inherited)",
				);
				GCC_WARN_64_TO_32_BIT_CONVERSION = YES;
				GCC_WARN_ABOUT_RETURN_TYPE = YES_ERROR;
				GCC_WARN_UNDECLARED_SELECTOR = YES;
				GCC_WARN_UNINITIALIZED_AUTOS = YES_AGGRESSIVE;
				GCC_WARN_UNUSED_FUNCTION = YES;
				GCC_WARN_UNUSED_VARIABLE = YES;
				IPHONEOS_DEPLOYMENT_TARGET = 10.3;
				MTL_ENABLE_DEBUG_INFO = YES;
				ONLY_ACTIVE_ARCH = YES;
				SDKROOT = iphoneos;
				SWIFT_ACTIVE_COMPILATION_CONDITIONS = DEBUG;
				SWIFT_OPTIMIZATION_LEVEL = "-Onone";
			};
			name = Debug;
		};
		66D990CD1EC986CE00656E15 /* Release */ = {
			isa = XCBuildConfiguration;
			buildSettings = {
				ALWAYS_SEARCH_USER_PATHS = NO;
				CLANG_ANALYZER_NONNULL = YES;
				CLANG_ANALYZER_NUMBER_OBJECT_CONVERSION = YES_AGGRESSIVE;
				CLANG_CXX_LANGUAGE_STANDARD = "gnu++0x";
				CLANG_CXX_LIBRARY = "libc++";
				CLANG_ENABLE_MODULES = YES;
				CLANG_ENABLE_OBJC_ARC = YES;
				CLANG_WARN_BOOL_CONVERSION = YES;
				CLANG_WARN_CONSTANT_CONVERSION = YES;
				CLANG_WARN_DIRECT_OBJC_ISA_USAGE = YES_ERROR;
				CLANG_WARN_DOCUMENTATION_COMMENTS = YES;
				CLANG_WARN_EMPTY_BODY = YES;
				CLANG_WARN_ENUM_CONVERSION = YES;
				CLANG_WARN_INFINITE_RECURSION = YES;
				CLANG_WARN_INT_CONVERSION = YES;
				CLANG_WARN_OBJC_ROOT_CLASS = YES_ERROR;
				CLANG_WARN_SUSPICIOUS_MOVE = YES;
				CLANG_WARN_UNREACHABLE_CODE = YES;
				CLANG_WARN__DUPLICATE_METHOD_MATCH = YES;
				"CODE_SIGN_IDENTITY[sdk=iphoneos*]" = "iPhone Developer";
				COPY_PHASE_STRIP = NO;
				DEBUG_INFORMATION_FORMAT = "dwarf-with-dsym";
				ENABLE_NS_ASSERTIONS = NO;
				ENABLE_STRICT_OBJC_MSGSEND = YES;
				GCC_C_LANGUAGE_STANDARD = gnu99;
				GCC_NO_COMMON_BLOCKS = YES;
				GCC_WARN_64_TO_32_BIT_CONVERSION = YES;
				GCC_WARN_ABOUT_RETURN_TYPE = YES_ERROR;
				GCC_WARN_UNDECLARED_SELECTOR = YES;
				GCC_WARN_UNINITIALIZED_AUTOS = YES_AGGRESSIVE;
				GCC_WARN_UNUSED_FUNCTION = YES;
				GCC_WARN_UNUSED_VARIABLE = YES;
				IPHONEOS_DEPLOYMENT_TARGET = 10.3;
				MTL_ENABLE_DEBUG_INFO = NO;
				SDKROOT = iphoneos;
				SWIFT_OPTIMIZATION_LEVEL = "-Owholemodule";
				VALIDATE_PRODUCT = YES;
			};
			name = Release;
		};
		66D990CF1EC986CE00656E15 /* Debug */ = {
			isa = XCBuildConfiguration;
			baseConfigurationReference = 45B1E4E6155E72BA0A393305 /* Pods-Another-Flickr-Gallery.debug.xcconfig */;
			buildSettings = {
				ASSETCATALOG_COMPILER_APPICON_NAME = AppIcon;
				INFOPLIST_FILE = "Another-Flickr-Gallery/Info.plist";
				LD_RUNPATH_SEARCH_PATHS = "$(inherited) @executable_path/Frameworks";
				PRODUCT_BUNDLE_IDENTIFIER = "com.adamborek.Another-Flickr-Gallery";
				PRODUCT_NAME = "$(TARGET_NAME)";
				SWIFT_VERSION = 3.0;
			};
			name = Debug;
		};
		66D990D01EC986CE00656E15 /* Release */ = {
			isa = XCBuildConfiguration;
			baseConfigurationReference = 5DA747B2D8ABEC7B82316C89 /* Pods-Another-Flickr-Gallery.release.xcconfig */;
			buildSettings = {
				ASSETCATALOG_COMPILER_APPICON_NAME = AppIcon;
				INFOPLIST_FILE = "Another-Flickr-Gallery/Info.plist";
				LD_RUNPATH_SEARCH_PATHS = "$(inherited) @executable_path/Frameworks";
				PRODUCT_BUNDLE_IDENTIFIER = "com.adamborek.Another-Flickr-Gallery";
				PRODUCT_NAME = "$(TARGET_NAME)";
				SWIFT_VERSION = 3.0;
			};
			name = Release;
		};
		66D990D21EC986CE00656E15 /* Debug */ = {
			isa = XCBuildConfiguration;
			baseConfigurationReference = 52D5E83DE94B5319452431AA /* Pods-Another-Flickr-GalleryTests.debug.xcconfig */;
			buildSettings = {
				ALWAYS_EMBED_SWIFT_STANDARD_LIBRARIES = YES;
				BUNDLE_LOADER = "$(TEST_HOST)";
				GCC_PREPROCESSOR_DEFINITIONS = (
					"$(inherited)",
					"COCOAPODS=1",
					"FB_REFERENCE_IMAGE_DIR=@\\\"$(SOURCE_ROOT)/$(PROJECT_NAME)Test/ReferenceImages\\\"",
				);
				INFOPLIST_FILE = "Another-Flickr-GalleryTests/Info.plist";
				LD_RUNPATH_SEARCH_PATHS = "$(inherited) @executable_path/Frameworks @loader_path/Frameworks";
				PRODUCT_BUNDLE_IDENTIFIER = "com.adamborek.Another-Flickr-GalleryTests";
				PRODUCT_NAME = "$(TARGET_NAME)";
				SWIFT_OBJC_BRIDGING_HEADER = "$(SOURCE_ROOT)/$(PROJECT_NAME)Tests/TestsBridgingHeader.h";
				SWIFT_VERSION = 3.0;
				TEST_HOST = "$(BUILT_PRODUCTS_DIR)/Another-Flickr-Gallery.app/Another-Flickr-Gallery";
			};
			name = Debug;
		};
		66D990D31EC986CE00656E15 /* Release */ = {
			isa = XCBuildConfiguration;
			baseConfigurationReference = 3A4B6D475FF7FDF609CD4ED5 /* Pods-Another-Flickr-GalleryTests.release.xcconfig */;
			buildSettings = {
				ALWAYS_EMBED_SWIFT_STANDARD_LIBRARIES = YES;
				BUNDLE_LOADER = "$(TEST_HOST)";
				INFOPLIST_FILE = "Another-Flickr-GalleryTests/Info.plist";
				LD_RUNPATH_SEARCH_PATHS = "$(inherited) @executable_path/Frameworks @loader_path/Frameworks";
				PRODUCT_BUNDLE_IDENTIFIER = "com.adamborek.Another-Flickr-GalleryTests";
				PRODUCT_NAME = "$(TARGET_NAME)";
				SWIFT_OBJC_BRIDGING_HEADER = "$(SOURCE_ROOT)/$(PROJECT_NAME)Tests/TestsBridgingHeader.h";
				SWIFT_VERSION = 3.0;
				TEST_HOST = "$(BUILT_PRODUCTS_DIR)/Another-Flickr-Gallery.app/Another-Flickr-Gallery";
			};
			name = Release;
		};
/* End XCBuildConfiguration section */

/* Begin XCConfigurationList section */
		66D990AC1EC986CE00656E15 /* Build configuration list for PBXProject "Another-Flickr-Gallery" */ = {
			isa = XCConfigurationList;
			buildConfigurations = (
				66D990CC1EC986CE00656E15 /* Debug */,
				66D990CD1EC986CE00656E15 /* Release */,
			);
			defaultConfigurationIsVisible = 0;
			defaultConfigurationName = Release;
		};
		66D990CE1EC986CE00656E15 /* Build configuration list for PBXNativeTarget "Another-Flickr-Gallery" */ = {
			isa = XCConfigurationList;
			buildConfigurations = (
				66D990CF1EC986CE00656E15 /* Debug */,
				66D990D01EC986CE00656E15 /* Release */,
			);
			defaultConfigurationIsVisible = 0;
			defaultConfigurationName = Release;
		};
		66D990D11EC986CE00656E15 /* Build configuration list for PBXNativeTarget "Another-Flickr-GalleryTests" */ = {
			isa = XCConfigurationList;
			buildConfigurations = (
				66D990D21EC986CE00656E15 /* Debug */,
				66D990D31EC986CE00656E15 /* Release */,
			);
			defaultConfigurationIsVisible = 0;
			defaultConfigurationName = Release;
		};
/* End XCConfigurationList section */
	};
	rootObject = 66D990A91EC986CE00656E15 /* Project object */;
}
